
Microsoft Visual Studio Solution File, Format Version 12.00
# Visual Studio 15
VisualStudioVersion = 15.0.28307.852
MinimumVisualStudioVersion = 10.0.40219.1
Project("{FAE04EC0-301F-11D3-BF4B-00C04F79EFBC}") = "Repart", "Repart\Repart.csproj", "{C524BACD-C84C-4920-985F-411D29DDAB27}"
EndProject
Project("{2150E333-8FDC-42A3-9474-1A3956D46DE8}") = "Solution Items", "Solution Items", "{DC82CAB8-1E96-4FB3-9A0B-B80827DF4ABC}"
	ProjectSection(SolutionItems) = preProject
		Readme.md = Readme.md
	EndProjectSection
EndProject
Project("{FAE04EC0-301F-11D3-BF4B-00C04F79EFBC}") = "Repart.UnitTest", "Repart.UnitTest\Repart.UnitTest.csproj", "{19BD3879-BC61-4506-96C9-C1AA0ABD5E2F}"
EndProject
Global
	GlobalSection(SolutionConfigurationPlatforms) = preSolution
		Debug|Any CPU = Debug|Any CPU
		Release|Any CPU = Release|Any CPU
	EndGlobalSection
	GlobalSection(ProjectConfigurationPlatforms) = postSolution
		{C524BACD-C84C-4920-985F-411D29DDAB27}.Debug|Any CPU.ActiveCfg = Debug|Any CPU
		{C524BACD-C84C-4920-985F-411D29DDAB27}.Debug|Any CPU.Build.0 = Debug|Any CPU
		{C524BACD-C84C-4920-985F-411D29DDAB27}.Release|Any CPU.ActiveCfg = Release|Any CPU
		{C524BACD-C84C-4920-985F-411D29DDAB27}.Release|Any CPU.Build.0 = Release|Any CPU
		{19BD3879-BC61-4506-96C9-C1AA0ABD5E2F}.Debug|Any CPU.ActiveCfg = Debug|Any CPU
		{19BD3879-BC61-4506-96C9-C1AA0ABD5E2F}.Debug|Any CPU.Build.0 = Debug|Any CPU
		{19BD3879-BC61-4506-96C9-C1AA0ABD5E2F}.Release|Any CPU.ActiveCfg = Release|Any CPU
		{19BD3879-BC61-4506-96C9-C1AA0ABD5E2F}.Release|Any CPU.Build.0 = Release|Any CPU
	EndGlobalSection
	GlobalSection(SolutionProperties) = preSolution
		HideSolutionNode = FALSE
	EndGlobalSection
	GlobalSection(ExtensibilityGlobals) = postSolution
		SolutionGuid = {CE7C594A-A3AE-468F-89F7-114E9392FAA5}
	EndGlobalSection
EndGlobal
